
Microsoft Visual Studio Solution File, Format Version 12.00
# Visual Studio Version 17
VisualStudioVersion = 17.7.34031.279
MinimumVisualStudioVersion = 10.0.40219.1
Project("{FAE04EC0-301F-11D3-BF4B-00C04F79EFBC}") = "Week2", "Week2\Week2.csproj", "{0287F9E3-3E59-4D90-B24B-1EB4EB52DC36}"
EndProject
Project("{FAE04EC0-301F-11D3-BF4B-00C04F79EFBC}") = "UserGenderValidation", "UserAgeValidation\UserGenderValidation.csproj", "{4CE94D27-CC9F-458A-80AD-175C2CA50C78}"
EndProject
Project("{FAE04EC0-301F-11D3-BF4B-00C04F79EFBC}") = "UserAgeValidation1", "UserAgeValidation1\UserAgeValidation1.csproj", "{745F4EAB-EFD0-4D11-8AF7-D4E93B24A34D}"
EndProject
Global
	GlobalSection(SolutionConfigurationPlatforms) = preSolution
		Debug|Any CPU = Debug|Any CPU
		Release|Any CPU = Release|Any CPU
	EndGlobalSection
	GlobalSection(ProjectConfigurationPlatforms) = postSolution
		{0287F9E3-3E59-4D90-B24B-1EB4EB52DC36}.Debug|Any CPU.ActiveCfg = Debug|Any CPU
		{0287F9E3-3E59-4D90-B24B-1EB4EB52DC36}.Debug|Any CPU.Build.0 = Debug|Any CPU
		{0287F9E3-3E59-4D90-B24B-1EB4EB52DC36}.Release|Any CPU.ActiveCfg = Release|Any CPU
		{0287F9E3-3E59-4D90-B24B-1EB4EB52DC36}.Release|Any CPU.Build.0 = Release|Any CPU
		{4CE94D27-CC9F-458A-80AD-175C2CA50C78}.Debug|Any CPU.ActiveCfg = Debug|Any CPU
		{4CE94D27-CC9F-458A-80AD-175C2CA50C78}.Debug|Any CPU.Build.0 = Debug|Any CPU
		{4CE94D27-CC9F-458A-80AD-175C2CA50C78}.Release|Any CPU.ActiveCfg = Release|Any CPU
		{4CE94D27-CC9F-458A-80AD-175C2CA50C78}.Release|Any CPU.Build.0 = Release|Any CPU
		{745F4EAB-EFD0-4D11-8AF7-D4E93B24A34D}.Debug|Any CPU.ActiveCfg = Debug|Any CPU
		{745F4EAB-EFD0-4D11-8AF7-D4E93B24A34D}.Debug|Any CPU.Build.0 = Debug|Any CPU
		{745F4EAB-EFD0-4D11-8AF7-D4E93B24A34D}.Release|Any CPU.ActiveCfg = Release|Any CPU
		{745F4EAB-EFD0-4D11-8AF7-D4E93B24A34D}.Release|Any CPU.Build.0 = Release|Any CPU
	EndGlobalSection
	GlobalSection(SolutionProperties) = preSolution
		HideSolutionNode = FALSE
	EndGlobalSection
	GlobalSection(ExtensibilityGlobals) = postSolution
		SolutionGuid = {BD376F4F-3BCD-4C3F-BEEF-06761D001362}
	EndGlobalSection
EndGlobal
